<?xml version="1.0" encoding="utf-8"?>
<Project ToolsVersion="4.0" xmlns="http://schemas.microsoft.com/developer/msbuild/2003">
  <ItemGroup>
    <Filter Include="Source Files">
      <UniqueIdentifier>{4FC737F1-C7A5-4376-A066-2A32D752A2FF}</UniqueIdentifier>
      <Extensions>cpp;c;cc;cxx;def;odl;idl;hpj;bat;asm;asmx</Extensions>
    </Filter>
    <Filter Include="Header Files">
      <UniqueIdentifier>{93995380-89BD-4b04-88EB-625FBE52EBFB}</UniqueIdentifier>
      <Extensions>h;hpp;hxx;hm;inl;inc;xsd</Extensions>
    </Filter>
    <Filter Include="Resource Files">
      <UniqueIdentifier>{67DA6AB6-F800-4c08-8B7A-83BB121AAD01}</UniqueIdentifier>
      <Extensions>rc;ico;cur;bmp;dlg;rc2;rct;bin;rgs;gif;jpg;jpeg;jpe;resx;tiff;tif;png;wav;mfcribbon-ms</Extensions>
    </Filter>
    <Filter Include="Header Files\cuda">
      <UniqueIdentifier>{3aa52cd9-9589-42d2-a918-55037c45f862}</UniqueIdentifier>
    </Filter>
    <Filter Include="Source Files\cuda">
      <UniqueIdentifier>{4635430c-cf16-4f2a-bdd3-def93600961a}</UniqueIdentifier>
    </Filter>
  </ItemGroup>
  <ItemGroup>
    <Text Include="ReadMe.txt" />
  </ItemGroup>
  <ItemGroup>
    <ClInclude Include="stdafx.h">
      <Filter>Header Files</Filter>
    </ClInclude>
    <ClInclude Include="targetver.h">
      <Filter>Header Files</Filter>
    </ClInclude>
    <ClInclude Include="cuda\CudaImageMorphology.h">
      <Filter>Header Files\cuda</Filter>
    </ClInclude>
    <ClInclude Include="CudaTimer.h">
      <Filter>Header Files</Filter>
    </ClInclude>
    <ClInclude Include="CpuTimer.h">
      <Filter>Header Files</Filter>
    </ClInclude>
    <ClInclude Include="cuda\CudaImageSergmentation.h">
      <Filter>Header Files\cuda</Filter>
    </ClInclude>
    <ClInclude Include="BlobLabeling.h">
      <Filter>Header Files</Filter>
    </ClInclude>
    <ClInclude Include="KylimWrapper.h">
      <Filter>Header Files</Filter>
    </ClInclude>
    <ClInclude Include="colorSegmentor.h">
      <Filter>Header Files</Filter>
    </ClInclude>
  </ItemGroup>
  <ItemGroup>
    <ClCompile Include="stdafx.cpp">
      <Filter>Source Files</Filter>
    </ClCompile>
    <ClCompile Include="BlobLabeling.cpp">
      <Filter>Source Files</Filter>
    </ClCompile>
    <ClCompile Include="TLR_Lara_RGB.cpp">
      <Filter>Source Files</Filter>
    </ClCompile>
    <ClCompile Include="Source.cpp">
      <Filter>Source Files</Filter>
    </ClCompile>
    <ClCompile Include="TLR_VIVA_RGB.cpp">
      <Filter>Source Files</Filter>
    </ClCompile>
    <ClCompile Include="colorSegmentor.cpp">
      <Filter>Source Files</Filter>
    </ClCompile>
    <ClCompile Include="main.cpp">
      <Filter>Source Files</Filter>
    </ClCompile>
  </ItemGroup>
  <ItemGroup>
    <CudaCompile Include="cuda\CudaImageSergmentation.cu">
      <Filter>Source Files\cuda</Filter>
    </CudaCompile>
    <CudaCompile Include="cuda\CudaImageMorphology.cu">
      <Filter>Source Files\cuda</Filter>
    </CudaCompile>
  </ItemGroup>
</Project>